// !$*UTF8*$!
{
	archiveVersion = 1;
	classes = {
	};
	objectVersion = 56;
	objects = {

/* Begin PBXBuildFile section */
		8615B5AE27579BE58696B92F /* Pods_EightSixteen.framework in Frameworks */ = {isa = PBXBuildFile; fileRef = 8E810C733997D42B82562151 /* Pods_EightSixteen.framework */; };
		BA17DD5B2B8ECEAB009572BE /* MyVCViewController.swift in Sources */ = {isa = PBXBuildFile; fileRef = BA17DD5A2B8ECEAB009572BE /* MyVCViewController.swift */; };
		BA17DD5D2B8EDFEF009572BE /* FastingManager.swift in Sources */ = {isa = PBXBuildFile; fileRef = BA17DD5C2B8EDFEF009572BE /* FastingManager.swift */; };
		BA17DD602B8EE030009572BE /* UserDefaultsKey.swift in Sources */ = {isa = PBXBuildFile; fileRef = BA17DD5F2B8EE030009572BE /* UserDefaultsKey.swift */; };
		BA1886D22B81E21B007F8166 /* CircleGaugeView.swift in Sources */ = {isa = PBXBuildFile; fileRef = BA1886D12B81E21B007F8166 /* CircleGaugeView.swift */; };
		BA1DF21A2B81A84B009AFB62 /* TodayIndicatorView.swift in Sources */ = {isa = PBXBuildFile; fileRef = BA1DF2192B81A84B009AFB62 /* TodayIndicatorView.swift */; };
		BA4ED26C2B80B00E0056B8F8 /* AppDelegate.swift in Sources */ = {isa = PBXBuildFile; fileRef = BA4ED26B2B80B00E0056B8F8 /* AppDelegate.swift */; };
		BA4ED26E2B80B00E0056B8F8 /* SceneDelegate.swift in Sources */ = {isa = PBXBuildFile; fileRef = BA4ED26D2B80B00E0056B8F8 /* SceneDelegate.swift */; };
		BA4ED2752B80B0100056B8F8 /* Assets.xcassets in Resources */ = {isa = PBXBuildFile; fileRef = BA4ED2742B80B0100056B8F8 /* Assets.xcassets */; };
		BA4ED2782B80B0100056B8F8 /* LaunchScreen.storyboard in Resources */ = {isa = PBXBuildFile; fileRef = BA4ED2762B80B0100056B8F8 /* LaunchScreen.storyboard */; };
		BA4ED2852B80E0700056B8F8 /* Coordinator.swift in Sources */ = {isa = PBXBuildFile; fileRef = BA4ED2842B80E0700056B8F8 /* Coordinator.swift */; };
		BA4ED2872B80E0BD0056B8F8 /* AppCoordinator.swift in Sources */ = {isa = PBXBuildFile; fileRef = BA4ED2862B80E0BD0056B8F8 /* AppCoordinator.swift */; };
		BA4ED28A2B80E1280056B8F8 /* FastingViewController.swift in Sources */ = {isa = PBXBuildFile; fileRef = BA4ED2892B80E1280056B8F8 /* FastingViewController.swift */; };
		BA4ED28C2B80E3B10056B8F8 /* FastingCoordinator.swift in Sources */ = {isa = PBXBuildFile; fileRef = BA4ED28B2B80E3B10056B8F8 /* FastingCoordinator.swift */; };
		BA9B05BD2B81B0B6000B603B /* FastingViewModel.swift in Sources */ = {isa = PBXBuildFile; fileRef = BA9B05BC2B81B0B6000B603B /* FastingViewModel.swift */; };
		BA9B05BF2B81C5F7000B603B /* FastingCountView.swift in Sources */ = {isa = PBXBuildFile; fileRef = BA9B05BE2B81C5F7000B603B /* FastingCountView.swift */; };
		BA9B05C12B81C707000B603B /* Fasting.swift in Sources */ = {isa = PBXBuildFile; fileRef = BA9B05C02B81C707000B603B /* Fasting.swift */; };
		BA9B05C42B81C97D000B603B /* Date.swift in Sources */ = {isa = PBXBuildFile; fileRef = BA9B05C32B81C97D000B603B /* Date.swift */; };
		BAB816D42B9056BA0096EDE1 /* FastingComposeViewController.swift in Sources */ = {isa = PBXBuildFile; fileRef = BAB816D32B9056BA0096EDE1 /* FastingComposeViewController.swift */; };
		BAB816D62B9059DE0096EDE1 /* FastingComposeViewModel.swift in Sources */ = {isa = PBXBuildFile; fileRef = BAB816D52B9059DE0096EDE1 /* FastingComposeViewModel.swift */; };
/* End PBXBuildFile section */

/* Begin PBXFileReference section */
		8E810C733997D42B82562151 /* Pods_EightSixteen.framework */ = {isa = PBXFileReference; explicitFileType = wrapper.framework; includeInIndex = 0; path = Pods_EightSixteen.framework; sourceTree = BUILT_PRODUCTS_DIR; };
		952FCD83ED0AA362FBEBA34F /* Pods-EightSixteen.debug.xcconfig */ = {isa = PBXFileReference; includeInIndex = 1; lastKnownFileType = text.xcconfig; name = "Pods-EightSixteen.debug.xcconfig"; path = "Target Support Files/Pods-EightSixteen/Pods-EightSixteen.debug.xcconfig"; sourceTree = "<group>"; };
		BA17DD5A2B8ECEAB009572BE /* MyVCViewController.swift */ = {isa = PBXFileReference; lastKnownFileType = sourcecode.swift; path = MyVCViewController.swift; sourceTree = "<group>"; };
		BA17DD5C2B8EDFEF009572BE /* FastingManager.swift */ = {isa = PBXFileReference; lastKnownFileType = sourcecode.swift; path = FastingManager.swift; sourceTree = "<group>"; };
		BA17DD5F2B8EE030009572BE /* UserDefaultsKey.swift */ = {isa = PBXFileReference; lastKnownFileType = sourcecode.swift; path = UserDefaultsKey.swift; sourceTree = "<group>"; };
		BA1886D12B81E21B007F8166 /* CircleGaugeView.swift */ = {isa = PBXFileReference; lastKnownFileType = sourcecode.swift; path = CircleGaugeView.swift; sourceTree = "<group>"; };
		BA1DF2192B81A84B009AFB62 /* TodayIndicatorView.swift */ = {isa = PBXFileReference; lastKnownFileType = sourcecode.swift; path = TodayIndicatorView.swift; sourceTree = "<group>"; };
		BA4ED2682B80B00E0056B8F8 /* EightSixteen.app */ = {isa = PBXFileReference; explicitFileType = wrapper.application; includeInIndex = 0; path = EightSixteen.app; sourceTree = BUILT_PRODUCTS_DIR; };
		BA4ED26B2B80B00E0056B8F8 /* AppDelegate.swift */ = {isa = PBXFileReference; lastKnownFileType = sourcecode.swift; path = AppDelegate.swift; sourceTree = "<group>"; };
		BA4ED26D2B80B00E0056B8F8 /* SceneDelegate.swift */ = {isa = PBXFileReference; lastKnownFileType = sourcecode.swift; path = SceneDelegate.swift; sourceTree = "<group>"; };
		BA4ED2742B80B0100056B8F8 /* Assets.xcassets */ = {isa = PBXFileReference; lastKnownFileType = folder.assetcatalog; path = Assets.xcassets; sourceTree = "<group>"; };
		BA4ED2772B80B0100056B8F8 /* Base */ = {isa = PBXFileReference; lastKnownFileType = file.storyboard; name = Base; path = Base.lproj/LaunchScreen.storyboard; sourceTree = "<group>"; };
		BA4ED2792B80B0100056B8F8 /* Info.plist */ = {isa = PBXFileReference; lastKnownFileType = text.plist.xml; path = Info.plist; sourceTree = "<group>"; };
		BA4ED2842B80E0700056B8F8 /* Coordinator.swift */ = {isa = PBXFileReference; lastKnownFileType = sourcecode.swift; path = Coordinator.swift; sourceTree = "<group>"; };
		BA4ED2862B80E0BD0056B8F8 /* AppCoordinator.swift */ = {isa = PBXFileReference; lastKnownFileType = sourcecode.swift; path = AppCoordinator.swift; sourceTree = "<group>"; };
		BA4ED2892B80E1280056B8F8 /* FastingViewController.swift */ = {isa = PBXFileReference; lastKnownFileType = sourcecode.swift; path = FastingViewController.swift; sourceTree = "<group>"; };
		BA4ED28B2B80E3B10056B8F8 /* FastingCoordinator.swift */ = {isa = PBXFileReference; lastKnownFileType = sourcecode.swift; path = FastingCoordinator.swift; sourceTree = "<group>"; };
		BA9B05BC2B81B0B6000B603B /* FastingViewModel.swift */ = {isa = PBXFileReference; lastKnownFileType = sourcecode.swift; path = FastingViewModel.swift; sourceTree = "<group>"; };
		BA9B05BE2B81C5F7000B603B /* FastingCountView.swift */ = {isa = PBXFileReference; lastKnownFileType = sourcecode.swift; path = FastingCountView.swift; sourceTree = "<group>"; };
		BA9B05C02B81C707000B603B /* Fasting.swift */ = {isa = PBXFileReference; lastKnownFileType = sourcecode.swift; path = Fasting.swift; sourceTree = "<group>"; };
		BA9B05C32B81C97D000B603B /* Date.swift */ = {isa = PBXFileReference; lastKnownFileType = sourcecode.swift; path = Date.swift; sourceTree = "<group>"; };
		BAB816D32B9056BA0096EDE1 /* FastingComposeViewController.swift */ = {isa = PBXFileReference; lastKnownFileType = sourcecode.swift; path = FastingComposeViewController.swift; sourceTree = "<group>"; };
		BAB816D52B9059DE0096EDE1 /* FastingComposeViewModel.swift */ = {isa = PBXFileReference; lastKnownFileType = sourcecode.swift; path = FastingComposeViewModel.swift; sourceTree = "<group>"; };
		F2F90154FE7A4AA1E3B18F5F /* Pods-EightSixteen.release.xcconfig */ = {isa = PBXFileReference; includeInIndex = 1; lastKnownFileType = text.xcconfig; name = "Pods-EightSixteen.release.xcconfig"; path = "Target Support Files/Pods-EightSixteen/Pods-EightSixteen.release.xcconfig"; sourceTree = "<group>"; };
/* End PBXFileReference section */

/* Begin PBXFrameworksBuildPhase section */
		BA4ED2652B80B00E0056B8F8 /* Frameworks */ = {
			isa = PBXFrameworksBuildPhase;
			buildActionMask = 2147483647;
			files = (
				8615B5AE27579BE58696B92F /* Pods_EightSixteen.framework in Frameworks */,
			);
			runOnlyForDeploymentPostprocessing = 0;
		};
/* End PBXFrameworksBuildPhase section */

/* Begin PBXGroup section */
		25AEEFD45FB6ACABC2406588 /* Frameworks */ = {
			isa = PBXGroup;
			children = (
				8E810C733997D42B82562151 /* Pods_EightSixteen.framework */,
			);
			name = Frameworks;
			sourceTree = "<group>";
		};
		5EB3907193002722EBD49E63 /* Pods */ = {
			isa = PBXGroup;
			children = (
				952FCD83ED0AA362FBEBA34F /* Pods-EightSixteen.debug.xcconfig */,
				F2F90154FE7A4AA1E3B18F5F /* Pods-EightSixteen.release.xcconfig */,
			);
			path = Pods;
			sourceTree = "<group>";
		};
		BA17DD5E2B8EE024009572BE /* Global */ = {
			isa = PBXGroup;
			children = (
				BA17DD5F2B8EE030009572BE /* UserDefaultsKey.swift */,
			);
			path = Global;
			sourceTree = "<group>";
		};
		BA1DF2182B81A824009AFB62 /* Screen */ = {
			isa = PBXGroup;
			children = (
				BA4ED2762B80B0100056B8F8 /* LaunchScreen.storyboard */,
				BA4ED2882B80E1150056B8F8 /* Controller */,
				BA4ED2832B80E02C0056B8F8 /* Coordinator */,
				BA17DD5A2B8ECEAB009572BE /* MyVCViewController.swift */,
			);
			path = Screen;
			sourceTree = "<group>";
		};
		BA4ED25F2B80B00E0056B8F8 = {
			isa = PBXGroup;
			children = (
				BA4ED26A2B80B00E0056B8F8 /* EightSixteen */,
				BA4ED2692B80B00E0056B8F8 /* Products */,
				5EB3907193002722EBD49E63 /* Pods */,
				25AEEFD45FB6ACABC2406588 /* Frameworks */,
			);
			sourceTree = "<group>";
		};
		BA4ED2692B80B00E0056B8F8 /* Products */ = {
			isa = PBXGroup;
			children = (
				BA4ED2682B80B00E0056B8F8 /* EightSixteen.app */,
			);
			name = Products;
			sourceTree = "<group>";
		};
		BA4ED26A2B80B00E0056B8F8 /* EightSixteen */ = {
			isa = PBXGroup;
			children = (
				BA17DD5E2B8EE024009572BE /* Global */,
				BA9B05C22B81C971000B603B /* Extension */,
				BA1DF2182B81A824009AFB62 /* Screen */,
				BA4ED2822B80DF300056B8F8 /* Resource */,
				BA4ED2812B80B6690056B8F8 /* View */,
				BA4ED2802B80B6650056B8F8 /* ViewModel */,
				BA4ED27F2B80B64D0056B8F8 /* Model */,
				BA4ED26B2B80B00E0056B8F8 /* AppDelegate.swift */,
				BA4ED26D2B80B00E0056B8F8 /* SceneDelegate.swift */,
				BA4ED2792B80B0100056B8F8 /* Info.plist */,
			);
			path = EightSixteen;
			sourceTree = "<group>";
		};
		BA4ED27F2B80B64D0056B8F8 /* Model */ = {
			isa = PBXGroup;
			children = (
				BA9B05C02B81C707000B603B /* Fasting.swift */,
				BA17DD5C2B8EDFEF009572BE /* FastingManager.swift */,
			);
			path = Model;
			sourceTree = "<group>";
		};
		BA4ED2802B80B6650056B8F8 /* ViewModel */ = {
			isa = PBXGroup;
			children = (
				BA9B05BC2B81B0B6000B603B /* FastingViewModel.swift */,
				BAB816D52B9059DE0096EDE1 /* FastingComposeViewModel.swift */,
			);
			path = ViewModel;
			sourceTree = "<group>";
		};
		BA4ED2812B80B6690056B8F8 /* View */ = {
			isa = PBXGroup;
			children = (
				BA1DF2192B81A84B009AFB62 /* TodayIndicatorView.swift */,
				BA9B05BE2B81C5F7000B603B /* FastingCountView.swift */,
				BA1886D12B81E21B007F8166 /* CircleGaugeView.swift */,
			);
			path = View;
			sourceTree = "<group>";
		};
		BA4ED2822B80DF300056B8F8 /* Resource */ = {
			isa = PBXGroup;
			children = (
				BA4ED2742B80B0100056B8F8 /* Assets.xcassets */,
			);
			path = Resource;
			sourceTree = "<group>";
		};
		BA4ED2832B80E02C0056B8F8 /* Coordinator */ = {
			isa = PBXGroup;
			children = (
				BA4ED2842B80E0700056B8F8 /* Coordinator.swift */,
				BA4ED2862B80E0BD0056B8F8 /* AppCoordinator.swift */,
				BA4ED28B2B80E3B10056B8F8 /* FastingCoordinator.swift */,
			);
			path = Coordinator;
			sourceTree = "<group>";
		};
		BA4ED2882B80E1150056B8F8 /* Controller */ = {
			isa = PBXGroup;
			children = (
				BA4ED2892B80E1280056B8F8 /* FastingViewController.swift */,
				BAB816D32B9056BA0096EDE1 /* FastingComposeViewController.swift */,
			);
			path = Controller;
			sourceTree = "<group>";
		};
		BA9B05C22B81C971000B603B /* Extension */ = {
			isa = PBXGroup;
			children = (
				BA9B05C32B81C97D000B603B /* Date.swift */,
			);
			path = Extension;
			sourceTree = "<group>";
		};
/* End PBXGroup section */

/* Begin PBXNativeTarget section */
		BA4ED2672B80B00E0056B8F8 /* EightSixteen */ = {
			isa = PBXNativeTarget;
			buildConfigurationList = BA4ED27C2B80B0100056B8F8 /* Build configuration list for PBXNativeTarget "EightSixteen" */;
			buildPhases = (
				8AFADB34DA61007284A50E8F /* [CP] Check Pods Manifest.lock */,
				BA4ED2642B80B00E0056B8F8 /* Sources */,
				BA4ED2652B80B00E0056B8F8 /* Frameworks */,
				BA4ED2662B80B00E0056B8F8 /* Resources */,
				14FB48CAB194366BCC83ECFC /* [CP] Embed Pods Frameworks */,
			);
			buildRules = (
			);
			dependencies = (
			);
			name = EightSixteen;
			productName = EightSixteen;
			productReference = BA4ED2682B80B00E0056B8F8 /* EightSixteen.app */;
			productType = "com.apple.product-type.application";
		};
/* End PBXNativeTarget section */

/* Begin PBXProject section */
		BA4ED2602B80B00E0056B8F8 /* Project object */ = {
			isa = PBXProject;
			attributes = {
				BuildIndependentTargetsInParallel = 1;
				LastSwiftUpdateCheck = 1520;
				LastUpgradeCheck = 1520;
				TargetAttributes = {
					BA4ED2672B80B00E0056B8F8 = {
						CreatedOnToolsVersion = 15.2;
					};
				};
			};
			buildConfigurationList = BA4ED2632B80B00E0056B8F8 /* Build configuration list for PBXProject "EightSixteen" */;
			compatibilityVersion = "Xcode 14.0";
			developmentRegion = en;
			hasScannedForEncodings = 0;
			knownRegions = (
				en,
				Base,
			);
			mainGroup = BA4ED25F2B80B00E0056B8F8;
			productRefGroup = BA4ED2692B80B00E0056B8F8 /* Products */;
			projectDirPath = "";
			projectRoot = "";
			targets = (
				BA4ED2672B80B00E0056B8F8 /* EightSixteen */,
			);
		};
/* End PBXProject section */

/* Begin PBXResourcesBuildPhase section */
		BA4ED2662B80B00E0056B8F8 /* Resources */ = {
			isa = PBXResourcesBuildPhase;
			buildActionMask = 2147483647;
			files = (
				BA4ED2782B80B0100056B8F8 /* LaunchScreen.storyboard in Resources */,
				BA4ED2752B80B0100056B8F8 /* Assets.xcassets in Resources */,
			);
			runOnlyForDeploymentPostprocessing = 0;
		};
/* End PBXResourcesBuildPhase section */

/* Begin PBXShellScriptBuildPhase section */
		14FB48CAB194366BCC83ECFC /* [CP] Embed Pods Frameworks */ = {
			isa = PBXShellScriptBuildPhase;
			buildActionMask = 2147483647;
			files = (
			);
			inputFileListPaths = (
				"${PODS_ROOT}/Target Support Files/Pods-EightSixteen/Pods-EightSixteen-frameworks-${CONFIGURATION}-input-files.xcfilelist",
			);
			name = "[CP] Embed Pods Frameworks";
			outputFileListPaths = (
				"${PODS_ROOT}/Target Support Files/Pods-EightSixteen/Pods-EightSixteen-frameworks-${CONFIGURATION}-output-files.xcfilelist",
			);
			runOnlyForDeploymentPostprocessing = 0;
			shellPath = /bin/sh;
			shellScript = "\"${PODS_ROOT}/Target Support Files/Pods-EightSixteen/Pods-EightSixteen-frameworks.sh\"\n";
			showEnvVarsInLog = 0;
		};
		8AFADB34DA61007284A50E8F /* [CP] Check Pods Manifest.lock */ = {
			isa = PBXShellScriptBuildPhase;
			buildActionMask = 2147483647;
			files = (
			);
			inputFileListPaths = (
			);
			inputPaths = (
				"${PODS_PODFILE_DIR_PATH}/Podfile.lock",
				"${PODS_ROOT}/Manifest.lock",
			);
			name = "[CP] Check Pods Manifest.lock";
			outputFileListPaths = (
			);
			outputPaths = (
				"$(DERIVED_FILE_DIR)/Pods-EightSixteen-checkManifestLockResult.txt",
			);
			runOnlyForDeploymentPostprocessing = 0;
			shellPath = /bin/sh;
			shellScript = "diff \"${PODS_PODFILE_DIR_PATH}/Podfile.lock\" \"${PODS_ROOT}/Manifest.lock\" > /dev/null\nif [ $? != 0 ] ; then\n    # print error to STDERR\n    echo \"error: The sandbox is not in sync with the Podfile.lock. Run 'pod install' or update your CocoaPods installation.\" >&2\n    exit 1\nfi\n# This output is used by Xcode 'outputs' to avoid re-running this script phase.\necho \"SUCCESS\" > \"${SCRIPT_OUTPUT_FILE_0}\"\n";
			showEnvVarsInLog = 0;
		};
/* End PBXShellScriptBuildPhase section */

/* Begin PBXSourcesBuildPhase section */
		BA4ED2642B80B00E0056B8F8 /* Sources */ = {
			isa = PBXSourcesBuildPhase;
			buildActionMask = 2147483647;
			files = (
				BA4ED28A2B80E1280056B8F8 /* FastingViewController.swift in Sources */,
				BA17DD5B2B8ECEAB009572BE /* MyVCViewController.swift in Sources */,
				BA17DD5D2B8EDFEF009572BE /* FastingManager.swift in Sources */,
				BA9B05BD2B81B0B6000B603B /* FastingViewModel.swift in Sources */,
				BA9B05BF2B81C5F7000B603B /* FastingCountView.swift in Sources */,
				BA1DF21A2B81A84B009AFB62 /* TodayIndicatorView.swift in Sources */,
				BA4ED28C2B80E3B10056B8F8 /* FastingCoordinator.swift in Sources */,
				BA4ED2852B80E0700056B8F8 /* Coordinator.swift in Sources */,
				BAB816D62B9059DE0096EDE1 /* FastingComposeViewModel.swift in Sources */,
				BA9B05C12B81C707000B603B /* Fasting.swift in Sources */,
				BA17DD602B8EE030009572BE /* UserDefaultsKey.swift in Sources */,
				BA1886D22B81E21B007F8166 /* CircleGaugeView.swift in Sources */,
				BA4ED2872B80E0BD0056B8F8 /* AppCoordinator.swift in Sources */,
				BA9B05C42B81C97D000B603B /* Date.swift in Sources */,
				BA4ED26C2B80B00E0056B8F8 /* AppDelegate.swift in Sources */,
				BAB816D42B9056BA0096EDE1 /* FastingComposeViewController.swift in Sources */,
				BA4ED26E2B80B00E0056B8F8 /* SceneDelegate.swift in Sources */,
			);
			runOnlyForDeploymentPostprocessing = 0;
		};
/* End PBXSourcesBuildPhase section */

/* Begin PBXVariantGroup section */
		BA4ED2762B80B0100056B8F8 /* LaunchScreen.storyboard */ = {
			isa = PBXVariantGroup;
			children = (
				BA4ED2772B80B0100056B8F8 /* Base */,
			);
			name = LaunchScreen.storyboard;
			sourceTree = "<group>";
		};
/* End PBXVariantGroup section */

/* Begin XCBuildConfiguration section */
		BA4ED27A2B80B0100056B8F8 /* Debug */ = {
			isa = XCBuildConfiguration;
			buildSettings = {
				ALWAYS_SEARCH_USER_PATHS = NO;
				ASSETCATALOG_COMPILER_GENERATE_SWIFT_ASSET_SYMBOL_EXTENSIONS = YES;
				CLANG_ANALYZER_NONNULL = YES;
				CLANG_ANALYZER_NUMBER_OBJECT_CONVERSION = YES_AGGRESSIVE;
				CLANG_CXX_LANGUAGE_STANDARD = "gnu++20";
				CLANG_ENABLE_MODULES = YES;
				CLANG_ENABLE_OBJC_ARC = YES;
				CLANG_ENABLE_OBJC_WEAK = YES;
				CLANG_WARN_BLOCK_CAPTURE_AUTORELEASING = YES;
				CLANG_WARN_BOOL_CONVERSION = YES;
				CLANG_WARN_COMMA = YES;
				CLANG_WARN_CONSTANT_CONVERSION = YES;
				CLANG_WARN_DEPRECATED_OBJC_IMPLEMENTATIONS = YES;
				CLANG_WARN_DIRECT_OBJC_ISA_USAGE = YES_ERROR;
				CLANG_WARN_DOCUMENTATION_COMMENTS = YES;
				CLANG_WARN_EMPTY_BODY = YES;
				CLANG_WARN_ENUM_CONVERSION = YES;
				CLANG_WARN_INFINITE_RECURSION = YES;
				CLANG_WARN_INT_CONVERSION = YES;
				CLANG_WARN_NON_LITERAL_NULL_CONVERSION = YES;
				CLANG_WARN_OBJC_IMPLICIT_RETAIN_SELF = YES;
				CLANG_WARN_OBJC_LITERAL_CONVERSION = YES;
				CLANG_WARN_OBJC_ROOT_CLASS = YES_ERROR;
				CLANG_WARN_QUOTED_INCLUDE_IN_FRAMEWORK_HEADER = YES;
				CLANG_WARN_RANGE_LOOP_ANALYSIS = YES;
				CLANG_WARN_STRICT_PROTOTYPES = YES;
				CLANG_WARN_SUSPICIOUS_MOVE = YES;
				CLANG_WARN_UNGUARDED_AVAILABILITY = YES_AGGRESSIVE;
				CLANG_WARN_UNREACHABLE_CODE = YES;
				CLANG_WARN__DUPLICATE_METHOD_MATCH = YES;
				COPY_PHASE_STRIP = NO;
				DEBUG_INFORMATION_FORMAT = dwarf;
				ENABLE_STRICT_OBJC_MSGSEND = YES;
				ENABLE_TESTABILITY = YES;
				ENABLE_USER_SCRIPT_SANDBOXING = NO;
				GCC_C_LANGUAGE_STANDARD = gnu17;
				GCC_DYNAMIC_NO_PIC = NO;
				GCC_NO_COMMON_BLOCKS = YES;
				GCC_OPTIMIZATION_LEVEL = 0;
				GCC_PREPROCESSOR_DEFINITIONS = (
					"DEBUG=1",
					"$(inherited)",
				);
				GCC_WARN_64_TO_32_BIT_CONVERSION = YES;
				GCC_WARN_ABOUT_RETURN_TYPE = YES_ERROR;
				GCC_WARN_UNDECLARED_SELECTOR = YES;
				GCC_WARN_UNINITIALIZED_AUTOS = YES_AGGRESSIVE;
				GCC_WARN_UNUSED_FUNCTION = YES;
				GCC_WARN_UNUSED_VARIABLE = YES;
				IPHONEOS_DEPLOYMENT_TARGET = 17.2;
				LOCALIZATION_PREFERS_STRING_CATALOGS = YES;
				MTL_ENABLE_DEBUG_INFO = INCLUDE_SOURCE;
				MTL_FAST_MATH = YES;
				ONLY_ACTIVE_ARCH = YES;
				SDKROOT = iphoneos;
				SWIFT_ACTIVE_COMPILATION_CONDITIONS = "DEBUG $(inherited)";
				SWIFT_OPTIMIZATION_LEVEL = "-Onone";
			};
			name = Debug;
		};
		BA4ED27B2B80B0100056B8F8 /* Release */ = {
			isa = XCBuildConfiguration;
			buildSettings = {
				ALWAYS_SEARCH_USER_PATHS = NO;
				ASSETCATALOG_COMPILER_GENERATE_SWIFT_ASSET_SYMBOL_EXTENSIONS = YES;
				CLANG_ANALYZER_NONNULL = YES;
				CLANG_ANALYZER_NUMBER_OBJECT_CONVERSION = YES_AGGRESSIVE;
				CLANG_CXX_LANGUAGE_STANDARD = "gnu++20";
				CLANG_ENABLE_MODULES = YES;
				CLANG_ENABLE_OBJC_ARC = YES;
				CLANG_ENABLE_OBJC_WEAK = YES;
				CLANG_WARN_BLOCK_CAPTURE_AUTORELEASING = YES;
				CLANG_WARN_BOOL_CONVERSION = YES;
				CLANG_WARN_COMMA = YES;
				CLANG_WARN_CONSTANT_CONVERSION = YES;
				CLANG_WARN_DEPRECATED_OBJC_IMPLEMENTATIONS = YES;
				CLANG_WARN_DIRECT_OBJC_ISA_USAGE = YES_ERROR;
				CLANG_WARN_DOCUMENTATION_COMMENTS = YES;
				CLANG_WARN_EMPTY_BODY = YES;
				CLANG_WARN_ENUM_CONVERSION = YES;
				CLANG_WARN_INFINITE_RECURSION = YES;
				CLANG_WARN_INT_CONVERSION = YES;
				CLANG_WARN_NON_LITERAL_NULL_CONVERSION = YES;
				CLANG_WARN_OBJC_IMPLICIT_RETAIN_SELF = YES;
				CLANG_WARN_OBJC_LITERAL_CONVERSION = YES;
				CLANG_WARN_OBJC_ROOT_CLASS = YES_ERROR;
				CLANG_WARN_QUOTED_INCLUDE_IN_FRAMEWORK_HEADER = YES;
				CLANG_WARN_RANGE_LOOP_ANALYSIS = YES;
				CLANG_WARN_STRICT_PROTOTYPES = YES;
				CLANG_WARN_SUSPICIOUS_MOVE = YES;
				CLANG_WARN_UNGUARDED_AVAILABILITY = YES_AGGRESSIVE;
				CLANG_WARN_UNREACHABLE_CODE = YES;
				CLANG_WARN__DUPLICATE_METHOD_MATCH = YES;
				COPY_PHASE_STRIP = NO;
				DEBUG_INFORMATION_FORMAT = "dwarf-with-dsym";
				ENABLE_NS_ASSERTIONS = NO;
				ENABLE_STRICT_OBJC_MSGSEND = YES;
				ENABLE_USER_SCRIPT_SANDBOXING = NO;
				GCC_C_LANGUAGE_STANDARD = gnu17;
				GCC_NO_COMMON_BLOCKS = YES;
				GCC_WARN_64_TO_32_BIT_CONVERSION = YES;
				GCC_WARN_ABOUT_RETURN_TYPE = YES_ERROR;
				GCC_WARN_UNDECLARED_SELECTOR = YES;
				GCC_WARN_UNINITIALIZED_AUTOS = YES_AGGRESSIVE;
				GCC_WARN_UNUSED_FUNCTION = YES;
				GCC_WARN_UNUSED_VARIABLE = YES;
				IPHONEOS_DEPLOYMENT_TARGET = 17.2;
				LOCALIZATION_PREFERS_STRING_CATALOGS = YES;
				MTL_ENABLE_DEBUG_INFO = NO;
				MTL_FAST_MATH = YES;
				SDKROOT = iphoneos;
				SWIFT_COMPILATION_MODE = wholemodule;
				VALIDATE_PRODUCT = YES;
			};
			name = Release;
		};
		BA4ED27D2B80B0100056B8F8 /* Debug */ = {
			isa = XCBuildConfiguration;
			baseConfigurationReference = 952FCD83ED0AA362FBEBA34F /* Pods-EightSixteen.debug.xcconfig */;
			buildSettings = {
				ASSETCATALOG_COMPILER_APPICON_NAME = AppIcon;
				ASSETCATALOG_COMPILER_GLOBAL_ACCENT_COLOR_NAME = AccentColor;
				CODE_SIGN_STYLE = Automatic;
				CURRENT_PROJECT_VERSION = 1;
				DEVELOPMENT_TEAM = ARSZYU7AJ8;
				GENERATE_INFOPLIST_FILE = YES;
				INFOPLIST_FILE = EightSixteen/Info.plist;
				INFOPLIST_KEY_UIApplicationSupportsIndirectInputEvents = YES;
				INFOPLIST_KEY_UILaunchStoryboardName = LaunchScreen;
				INFOPLIST_KEY_UISupportedInterfaceOrientations = UIInterfaceOrientationPortrait;
				INFOPLIST_KEY_UISupportedInterfaceOrientations_iPad = "UIInterfaceOrientationLandscapeLeft UIInterfaceOrientationLandscapeRight UIInterfaceOrientationPortrait UIInterfaceOrientationPortraitUpsideDown";
				IPHONEOS_DEPLOYMENT_TARGET = 15.0;
				LD_RUNPATH_SEARCH_PATHS = (
					"$(inherited)",
					"@executable_path/Frameworks",
				);
				MARKETING_VERSION = 1.0;
				PRODUCT_BUNDLE_IDENTIFIER = com.peppermint100.EightSixteen;
				PRODUCT_NAME = "$(TARGET_NAME)";
				SUPPORTED_PLATFORMS = "iphoneos iphonesimulator";
				SUPPORTS_MACCATALYST = NO;
				SUPPORTS_MAC_DESIGNED_FOR_IPHONE_IPAD = NO;
				SUPPORTS_XR_DESIGNED_FOR_IPHONE_IPAD = NO;
				SWIFT_EMIT_LOC_STRINGS = YES;
				SWIFT_VERSION = 5.0;
				TARGETED_DEVICE_FAMILY = 1;
			};
			name = Debug;
		};
		BA4ED27E2B80B0100056B8F8 /* Release */ = {
			isa = XCBuildConfiguration;
			baseConfigurationReference = F2F90154FE7A4AA1E3B18F5F /* Pods-EightSixteen.release.xcconfig */;
			buildSettings = {
				ASSETCATALOG_COMPILER_APPICON_NAME = AppIcon;
				ASSETCATALOG_COMPILER_GLOBAL_ACCENT_COLOR_NAME = AccentColor;
				CODE_SIGN_STYLE = Automatic;
				CURRENT_PROJECT_VERSION = 1;
				DEVELOPMENT_TEAM = ARSZYU7AJ8;
				GENERATE_INFOPLIST_FILE = YES;
				INFOPLIST_FILE = EightSixteen/Info.plist;
				INFOPLIST_KEY_UIApplicationSupportsIndirectInputEvents = YES;
				INFOPLIST_KEY_UILaunchStoryboardName = LaunchScreen;
				INFOPLIST_KEY_UISupportedInterfaceOrientations = UIInterfaceOrientationPortrait;
				INFOPLIST_KEY_UISupportedInterfaceOrientations_iPad = "UIInterfaceOrientationLandscapeLeft UIInterfaceOrientationLandscapeRight UIInterfaceOrientationPortrait UIInterfaceOrientationPortraitUpsideDown";
				IPHONEOS_DEPLOYMENT_TARGET = 15.0;
				LD_RUNPATH_SEARCH_PATHS = (
					"$(inherited)",
					"@executable_path/Frameworks",
				);
				MARKETING_VERSION = 1.0;
				PRODUCT_BUNDLE_IDENTIFIER = com.peppermint100.EightSixteen;
				PRODUCT_NAME = "$(TARGET_NAME)";
				SUPPORTED_PLATFORMS = "iphoneos iphonesimulator";
				SUPPORTS_MACCATALYST = NO;
				SUPPORTS_MAC_DESIGNED_FOR_IPHONE_IPAD = NO;
				SUPPORTS_XR_DESIGNED_FOR_IPHONE_IPAD = NO;
				SWIFT_EMIT_LOC_STRINGS = YES;
				SWIFT_VERSION = 5.0;
				TARGETED_DEVICE_FAMILY = 1;
			};
			name = Release;
		};
/* End XCBuildConfiguration section */

/* Begin XCConfigurationList section */
		BA4ED2632B80B00E0056B8F8 /* Build configuration list for PBXProject "EightSixteen" */ = {
			isa = XCConfigurationList;
			buildConfigurations = (
				BA4ED27A2B80B0100056B8F8 /* Debug */,
				BA4ED27B2B80B0100056B8F8 /* Release */,
			);
			defaultConfigurationIsVisible = 0;
			defaultConfigurationName = Release;
		};
		BA4ED27C2B80B0100056B8F8 /* Build configuration list for PBXNativeTarget "EightSixteen" */ = {
			isa = XCConfigurationList;
			buildConfigurations = (
				BA4ED27D2B80B0100056B8F8 /* Debug */,
				BA4ED27E2B80B0100056B8F8 /* Release */,
			);
			defaultConfigurationIsVisible = 0;
			defaultConfigurationName = Release;
		};
/* End XCConfigurationList section */
	};
	rootObject = BA4ED2602B80B00E0056B8F8 /* Project object */;
}
